// !$*UTF8*$!
{
	archiveVersion = 1;
	classes = {
	};
	objectVersion = 55;
	objects = {

/* Begin PBXBuildFile section */
		2D9F781B6DDEBB7EECAFA8EE /* Pods_TakeItPersonal.framework in Frameworks */ = {isa = PBXBuildFile; fileRef = 53F55D7A138F3A4DA13DF307 /* Pods_TakeItPersonal.framework */; };
		311BFBF127641DA700BA9CDF /* AppDelegate.swift in Sources */ = {isa = PBXBuildFile; fileRef = 311BFBF027641DA700BA9CDF /* AppDelegate.swift */; };
		311BFBF327641DA700BA9CDF /* SceneDelegate.swift in Sources */ = {isa = PBXBuildFile; fileRef = 311BFBF227641DA700BA9CDF /* SceneDelegate.swift */; };
		311BFBF827641DA700BA9CDF /* Main.storyboard in Resources */ = {isa = PBXBuildFile; fileRef = 311BFBF627641DA700BA9CDF /* Main.storyboard */; };
		311BFBFA27641DA800BA9CDF /* Assets.xcassets in Resources */ = {isa = PBXBuildFile; fileRef = 311BFBF927641DA800BA9CDF /* Assets.xcassets */; };
		311BFBFD27641DA800BA9CDF /* LaunchScreen.storyboard in Resources */ = {isa = PBXBuildFile; fileRef = 311BFBFB27641DA800BA9CDF /* LaunchScreen.storyboard */; };
		311BFC0827641F8800BA9CDF /* MonthsTableViewController.swift in Sources */ = {isa = PBXBuildFile; fileRef = 311BFC0727641F8800BA9CDF /* MonthsTableViewController.swift */; };
		311BFC0A2764283600BA9CDF /* TransactionCreateViewController.swift in Sources */ = {isa = PBXBuildFile; fileRef = 311BFC092764283600BA9CDF /* TransactionCreateViewController.swift */; };
		311BFC13276438FF00BA9CDF /* LedgersViewController.swift in Sources */ = {isa = PBXBuildFile; fileRef = 311BFC12276438FF00BA9CDF /* LedgersViewController.swift */; };
		311BFC172764464A00BA9CDF /* QuickLookTableViewController.swift in Sources */ = {isa = PBXBuildFile; fileRef = 311BFC162764464A00BA9CDF /* QuickLookTableViewController.swift */; };
		311BFC192764482200BA9CDF /* Money.json in Resources */ = {isa = PBXBuildFile; fileRef = 311BFC182764482200BA9CDF /* Money.json */; };
		311BFC1D2764773700BA9CDF /* Months.swift in Sources */ = {isa = PBXBuildFile; fileRef = 311BFC1C2764773700BA9CDF /* Months.swift */; };
		311BFC1F2764775F00BA9CDF /* Ledgers.swift in Sources */ = {isa = PBXBuildFile; fileRef = 311BFC1E2764775F00BA9CDF /* Ledgers.swift */; };
		311BFC21276486D900BA9CDF /* TransactionsTableViewCell.swift in Sources */ = {isa = PBXBuildFile; fileRef = 311BFC20276486D900BA9CDF /* TransactionsTableViewCell.swift */; };
/* End PBXBuildFile section */

/* Begin PBXFileReference section */
		311BFBED27641DA700BA9CDF /* TakeItPersonal.app */ = {isa = PBXFileReference; explicitFileType = wrapper.application; includeInIndex = 0; path = TakeItPersonal.app; sourceTree = BUILT_PRODUCTS_DIR; };
		311BFBF027641DA700BA9CDF /* AppDelegate.swift */ = {isa = PBXFileReference; lastKnownFileType = sourcecode.swift; path = AppDelegate.swift; sourceTree = "<group>"; };
		311BFBF227641DA700BA9CDF /* SceneDelegate.swift */ = {isa = PBXFileReference; lastKnownFileType = sourcecode.swift; path = SceneDelegate.swift; sourceTree = "<group>"; };
		311BFBF727641DA700BA9CDF /* Base */ = {isa = PBXFileReference; lastKnownFileType = file.storyboard; name = Base; path = Base.lproj/Main.storyboard; sourceTree = "<group>"; };
		311BFBF927641DA800BA9CDF /* Assets.xcassets */ = {isa = PBXFileReference; lastKnownFileType = folder.assetcatalog; path = Assets.xcassets; sourceTree = "<group>"; };
		311BFBFC27641DA800BA9CDF /* Base */ = {isa = PBXFileReference; lastKnownFileType = file.storyboard; name = Base; path = Base.lproj/LaunchScreen.storyboard; sourceTree = "<group>"; };
		311BFBFE27641DA800BA9CDF /* Info.plist */ = {isa = PBXFileReference; lastKnownFileType = text.plist.xml; path = Info.plist; sourceTree = "<group>"; };
		311BFC0727641F8800BA9CDF /* MonthsTableViewController.swift */ = {isa = PBXFileReference; lastKnownFileType = sourcecode.swift; path = MonthsTableViewController.swift; sourceTree = "<group>"; };
		311BFC092764283600BA9CDF /* TransactionCreateViewController.swift */ = {isa = PBXFileReference; lastKnownFileType = sourcecode.swift; path = TransactionCreateViewController.swift; sourceTree = "<group>"; };
		311BFC12276438FF00BA9CDF /* LedgersViewController.swift */ = {isa = PBXFileReference; lastKnownFileType = sourcecode.swift; path = LedgersViewController.swift; sourceTree = "<group>"; };
		311BFC162764464A00BA9CDF /* QuickLookTableViewController.swift */ = {isa = PBXFileReference; lastKnownFileType = sourcecode.swift; path = QuickLookTableViewController.swift; sourceTree = "<group>"; };
		311BFC182764482200BA9CDF /* Money.json */ = {isa = PBXFileReference; fileEncoding = 4; lastKnownFileType = text.json; path = Money.json; sourceTree = "<group>"; };
		311BFC1C2764773700BA9CDF /* Months.swift */ = {isa = PBXFileReference; lastKnownFileType = sourcecode.swift; path = Months.swift; sourceTree = "<group>"; };
		311BFC1E2764775F00BA9CDF /* Ledgers.swift */ = {isa = PBXFileReference; lastKnownFileType = sourcecode.swift; path = Ledgers.swift; sourceTree = "<group>"; };
		311BFC20276486D900BA9CDF /* TransactionsTableViewCell.swift */ = {isa = PBXFileReference; lastKnownFileType = sourcecode.swift; path = TransactionsTableViewCell.swift; sourceTree = "<group>"; };
		450D32C499448B77A689BCEA /* Pods-TakeItPersonal.release.xcconfig */ = {isa = PBXFileReference; includeInIndex = 1; lastKnownFileType = text.xcconfig; name = "Pods-TakeItPersonal.release.xcconfig"; path = "Target Support Files/Pods-TakeItPersonal/Pods-TakeItPersonal.release.xcconfig"; sourceTree = "<group>"; };
		53F55D7A138F3A4DA13DF307 /* Pods_TakeItPersonal.framework */ = {isa = PBXFileReference; explicitFileType = wrapper.framework; includeInIndex = 0; path = Pods_TakeItPersonal.framework; sourceTree = BUILT_PRODUCTS_DIR; };
		9B77314D1D02F12F9EB7E90C /* Pods-TakeItPersonal.debug.xcconfig */ = {isa = PBXFileReference; includeInIndex = 1; lastKnownFileType = text.xcconfig; name = "Pods-TakeItPersonal.debug.xcconfig"; path = "Target Support Files/Pods-TakeItPersonal/Pods-TakeItPersonal.debug.xcconfig"; sourceTree = "<group>"; };
/* End PBXFileReference section */

/* Begin PBXFrameworksBuildPhase section */
		311BFBEA27641DA700BA9CDF /* Frameworks */ = {
			isa = PBXFrameworksBuildPhase;
			buildActionMask = 2147483647;
			files = (
				2D9F781B6DDEBB7EECAFA8EE /* Pods_TakeItPersonal.framework in Frameworks */,
			);
			runOnlyForDeploymentPostprocessing = 0;
		};
/* End PBXFrameworksBuildPhase section */

/* Begin PBXGroup section */
		16743A9D73E3A5E3225BEA91 /* Pods */ = {
			isa = PBXGroup;
			children = (
				9B77314D1D02F12F9EB7E90C /* Pods-TakeItPersonal.debug.xcconfig */,
				450D32C499448B77A689BCEA /* Pods-TakeItPersonal.release.xcconfig */,
			);
			path = Pods;
			sourceTree = "<group>";
		};
		311BFBE427641DA700BA9CDF = {
			isa = PBXGroup;
			children = (
				311BFBEF27641DA700BA9CDF /* TakeItPersonal */,
				311BFBEE27641DA700BA9CDF /* Products */,
				16743A9D73E3A5E3225BEA91 /* Pods */,
				82314CFBA685BE0FAAC31C3D /* Frameworks */,
			);
			sourceTree = "<group>";
		};
		311BFBEE27641DA700BA9CDF /* Products */ = {
			isa = PBXGroup;
			children = (
				311BFBED27641DA700BA9CDF /* TakeItPersonal.app */,
			);
			name = Products;
			sourceTree = "<group>";
		};
		311BFBEF27641DA700BA9CDF /* TakeItPersonal */ = {
			isa = PBXGroup;
			children = (
				311BFC0F276429F500BA9CDF /* DataModel */,
				311BFC0C2764285500BA9CDF /* Views */,
				311BFC0B2764284B00BA9CDF /* Controllers */,
				311BFC0527641DC600BA9CDF /* Assets */,
				311BFC0427641DAE00BA9CDF /* Supporting Files */,
			);
			path = TakeItPersonal;
			sourceTree = "<group>";
		};
		311BFC0427641DAE00BA9CDF /* Supporting Files */ = {
			isa = PBXGroup;
			children = (
				311BFBF027641DA700BA9CDF /* AppDelegate.swift */,
				311BFBF227641DA700BA9CDF /* SceneDelegate.swift */,
				311BFBFB27641DA800BA9CDF /* LaunchScreen.storyboard */,
				311BFBFE27641DA800BA9CDF /* Info.plist */,
			);
			name = "Supporting Files";
			sourceTree = "<group>";
		};
		311BFC0527641DC600BA9CDF /* Assets */ = {
			isa = PBXGroup;
			children = (
				311BFBF927641DA800BA9CDF /* Assets.xcassets */,
				311BFC182764482200BA9CDF /* Money.json */,
			);
			name = Assets;
			sourceTree = "<group>";
		};
		311BFC0B2764284B00BA9CDF /* Controllers */ = {
			isa = PBXGroup;
			children = (
				311BFC0727641F8800BA9CDF /* MonthsTableViewController.swift */,
				311BFC092764283600BA9CDF /* TransactionCreateViewController.swift */,
				311BFC12276438FF00BA9CDF /* LedgersViewController.swift */,
				311BFC162764464A00BA9CDF /* QuickLookTableViewController.swift */,
			);
			name = Controllers;
			sourceTree = "<group>";
		};
		311BFC0C2764285500BA9CDF /* Views */ = {
			isa = PBXGroup;
			children = (
				311BFC20276486D900BA9CDF /* TransactionsTableViewCell.swift */,
				311BFBF627641DA700BA9CDF /* Main.storyboard */,
			);
			name = Views;
			sourceTree = "<group>";
		};
		311BFC0F276429F500BA9CDF /* DataModel */ = {
			isa = PBXGroup;
			children = (
				311BFC1C2764773700BA9CDF /* Months.swift */,
				311BFC1E2764775F00BA9CDF /* Ledgers.swift */,
			);
			name = DataModel;
			sourceTree = "<group>";
		};
		82314CFBA685BE0FAAC31C3D /* Frameworks */ = {
			isa = PBXGroup;
			children = (
				53F55D7A138F3A4DA13DF307 /* Pods_TakeItPersonal.framework */,
			);
			name = Frameworks;
			sourceTree = "<group>";
		};
/* End PBXGroup section */

/* Begin PBXNativeTarget section */
		311BFBEC27641DA700BA9CDF /* TakeItPersonal */ = {
			isa = PBXNativeTarget;
			buildConfigurationList = 311BFC0127641DA800BA9CDF /* Build configuration list for PBXNativeTarget "TakeItPersonal" */;
			buildPhases = (
				2B9847D9E1E6BD4E242B969E /* [CP] Check Pods Manifest.lock */,
				311BFBE927641DA700BA9CDF /* Sources */,
				311BFBEA27641DA700BA9CDF /* Frameworks */,
				311BFBEB27641DA700BA9CDF /* Resources */,
				007F39BC16DA6272E24243CE /* [CP] Embed Pods Frameworks */,
			);
			buildRules = (
			);
			dependencies = (
			);
			name = TakeItPersonal;
			productName = TakeItPersonal;
			productReference = 311BFBED27641DA700BA9CDF /* TakeItPersonal.app */;
			productType = "com.apple.product-type.application";
		};
/* End PBXNativeTarget section */

/* Begin PBXProject section */
		311BFBE527641DA700BA9CDF /* Project object */ = {
			isa = PBXProject;
			attributes = {
				BuildIndependentTargetsInParallel = 1;
				LastSwiftUpdateCheck = 1310;
				LastUpgradeCheck = 1310;
				TargetAttributes = {
					311BFBEC27641DA700BA9CDF = {
						CreatedOnToolsVersion = 13.1;
					};
				};
			};
			buildConfigurationList = 311BFBE827641DA700BA9CDF /* Build configuration list for PBXProject "TakeItPersonal" */;
			compatibilityVersion = "Xcode 13.0";
			developmentRegion = en;
			hasScannedForEncodings = 0;
			knownRegions = (
				en,
				Base,
			);
			mainGroup = 311BFBE427641DA700BA9CDF;
			productRefGroup = 311BFBEE27641DA700BA9CDF /* Products */;
			projectDirPath = "";
			projectRoot = "";
			targets = (
				311BFBEC27641DA700BA9CDF /* TakeItPersonal */,
			);
		};
/* End PBXProject section */

/* Begin PBXResourcesBuildPhase section */
		311BFBEB27641DA700BA9CDF /* Resources */ = {
			isa = PBXResourcesBuildPhase;
			buildActionMask = 2147483647;
			files = (
				311BFBFD27641DA800BA9CDF /* LaunchScreen.storyboard in Resources */,
				311BFBFA27641DA800BA9CDF /* Assets.xcassets in Resources */,
				311BFC192764482200BA9CDF /* Money.json in Resources */,
				311BFBF827641DA700BA9CDF /* Main.storyboard in Resources */,
			);
			runOnlyForDeploymentPostprocessing = 0;
		};
/* End PBXResourcesBuildPhase section */

/* Begin PBXShellScriptBuildPhase section */
		007F39BC16DA6272E24243CE /* [CP] Embed Pods Frameworks */ = {
			isa = PBXShellScriptBuildPhase;
			buildActionMask = 2147483647;
			files = (
			);
			inputFileListPaths = (
				"${PODS_ROOT}/Target Support Files/Pods-TakeItPersonal/Pods-TakeItPersonal-frameworks-${CONFIGURATION}-input-files.xcfilelist",
			);
			name = "[CP] Embed Pods Frameworks";
			outputFileListPaths = (
				"${PODS_ROOT}/Target Support Files/Pods-TakeItPersonal/Pods-TakeItPersonal-frameworks-${CONFIGURATION}-output-files.xcfilelist",
			);
			runOnlyForDeploymentPostprocessing = 0;
			shellPath = /bin/sh;
			shellScript = "\"${PODS_ROOT}/Target Support Files/Pods-TakeItPersonal/Pods-TakeItPersonal-frameworks.sh\"\n";
			showEnvVarsInLog = 0;
		};
		2B9847D9E1E6BD4E242B969E /* [CP] Check Pods Manifest.lock */ = {
			isa = PBXShellScriptBuildPhase;
			buildActionMask = 2147483647;
			files = (
			);
			inputFileListPaths = (
			);
			inputPaths = (
				"${PODS_PODFILE_DIR_PATH}/Podfile.lock",
				"${PODS_ROOT}/Manifest.lock",
			);
			name = "[CP] Check Pods Manifest.lock";
			outputFileListPaths = (
			);
			outputPaths = (
				"$(DERIVED_FILE_DIR)/Pods-TakeItPersonal-checkManifestLockResult.txt",
			);
			runOnlyForDeploymentPostprocessing = 0;
			shellPath = /bin/sh;
			shellScript = "diff \"${PODS_PODFILE_DIR_PATH}/Podfile.lock\" \"${PODS_ROOT}/Manifest.lock\" > /dev/null\nif [ $? != 0 ] ; then\n    # print error to STDERR\n    echo \"error: The sandbox is not in sync with the Podfile.lock. Run 'pod install' or update your CocoaPods installation.\" >&2\n    exit 1\nfi\n# This output is used by Xcode 'outputs' to avoid re-running this script phase.\necho \"SUCCESS\" > \"${SCRIPT_OUTPUT_FILE_0}\"\n";
			showEnvVarsInLog = 0;
		};
/* End PBXShellScriptBuildPhase section */

/* Begin PBXSourcesBuildPhase section */
		311BFBE927641DA700BA9CDF /* Sources */ = {
			isa = PBXSourcesBuildPhase;
			buildActionMask = 2147483647;
			files = (
				311BFC21276486D900BA9CDF /* TransactionsTableViewCell.swift in Sources */,
				311BFBF127641DA700BA9CDF /* AppDelegate.swift in Sources */,
				311BFC0A2764283600BA9CDF /* TransactionCreateViewController.swift in Sources */,
				311BFBF327641DA700BA9CDF /* SceneDelegate.swift in Sources */,
				311BFC13276438FF00BA9CDF /* LedgersViewController.swift in Sources */,
				311BFC172764464A00BA9CDF /* QuickLookTableViewController.swift in Sources */,
				311BFC1D2764773700BA9CDF /* Months.swift in Sources */,
				311BFC1F2764775F00BA9CDF /* Ledgers.swift in Sources */,
				311BFC0827641F8800BA9CDF /* MonthsTableViewController.swift in Sources */,
			);
			runOnlyForDeploymentPostprocessing = 0;
		};
/* End PBXSourcesBuildPhase section */

/* Begin PBXVariantGroup section */
		311BFBF627641DA700BA9CDF /* Main.storyboard */ = {
			isa = PBXVariantGroup;
			children = (
				311BFBF727641DA700BA9CDF /* Base */,
			);
			name = Main.storyboard;
			sourceTree = "<group>";
		};
		311BFBFB27641DA800BA9CDF /* LaunchScreen.storyboard */ = {
			isa = PBXVariantGroup;
			children = (
				311BFBFC27641DA800BA9CDF /* Base */,
			);
			name = LaunchScreen.storyboard;
			sourceTree = "<group>";
		};
/* End PBXVariantGroup section */

/* Begin XCBuildConfiguration section */
		311BFBFF27641DA800BA9CDF /* Debug */ = {
			isa = XCBuildConfiguration;
			buildSettings = {
				ALWAYS_SEARCH_USER_PATHS = NO;
				CLANG_ANALYZER_NONNULL = YES;
				CLANG_ANALYZER_NUMBER_OBJECT_CONVERSION = YES_AGGRESSIVE;
				CLANG_CXX_LANGUAGE_STANDARD = "gnu++17";
				CLANG_CXX_LIBRARY = "libc++";
				CLANG_ENABLE_MODULES = YES;
				CLANG_ENABLE_OBJC_ARC = YES;
				CLANG_ENABLE_OBJC_WEAK = YES;
				CLANG_WARN_BLOCK_CAPTURE_AUTORELEASING = YES;
				CLANG_WARN_BOOL_CONVERSION = YES;
				CLANG_WARN_COMMA = YES;
				CLANG_WARN_CONSTANT_CONVERSION = YES;
				CLANG_WARN_DEPRECATED_OBJC_IMPLEMENTATIONS = YES;
				CLANG_WARN_DIRECT_OBJC_ISA_USAGE = YES_ERROR;
				CLANG_WARN_DOCUMENTATION_COMMENTS = YES;
				CLANG_WARN_EMPTY_BODY = YES;
				CLANG_WARN_ENUM_CONVERSION = YES;
				CLANG_WARN_INFINITE_RECURSION = YES;
				CLANG_WARN_INT_CONVERSION = YES;
				CLANG_WARN_NON_LITERAL_NULL_CONVERSION = YES;
				CLANG_WARN_OBJC_IMPLICIT_RETAIN_SELF = YES;
				CLANG_WARN_OBJC_LITERAL_CONVERSION = YES;
				CLANG_WARN_OBJC_ROOT_CLASS = YES_ERROR;
				CLANG_WARN_QUOTED_INCLUDE_IN_FRAMEWORK_HEADER = YES;
				CLANG_WARN_RANGE_LOOP_ANALYSIS = YES;
				CLANG_WARN_STRICT_PROTOTYPES = YES;
				CLANG_WARN_SUSPICIOUS_MOVE = YES;
				CLANG_WARN_UNGUARDED_AVAILABILITY = YES_AGGRESSIVE;
				CLANG_WARN_UNREACHABLE_CODE = YES;
				CLANG_WARN__DUPLICATE_METHOD_MATCH = YES;
				COPY_PHASE_STRIP = NO;
				DEBUG_INFORMATION_FORMAT = dwarf;
				ENABLE_STRICT_OBJC_MSGSEND = YES;
				ENABLE_TESTABILITY = YES;
				GCC_C_LANGUAGE_STANDARD = gnu11;
				GCC_DYNAMIC_NO_PIC = NO;
				GCC_NO_COMMON_BLOCKS = YES;
				GCC_OPTIMIZATION_LEVEL = 0;
				GCC_PREPROCESSOR_DEFINITIONS = (
					"DEBUG=1",
					"$(inherited)",
				);
				GCC_WARN_64_TO_32_BIT_CONVERSION = YES;
				GCC_WARN_ABOUT_RETURN_TYPE = YES_ERROR;
				GCC_WARN_UNDECLARED_SELECTOR = YES;
				GCC_WARN_UNINITIALIZED_AUTOS = YES_AGGRESSIVE;
				GCC_WARN_UNUSED_FUNCTION = YES;
				GCC_WARN_UNUSED_VARIABLE = YES;
				IPHONEOS_DEPLOYMENT_TARGET = 15.0;
				MTL_ENABLE_DEBUG_INFO = INCLUDE_SOURCE;
				MTL_FAST_MATH = YES;
				ONLY_ACTIVE_ARCH = YES;
				SDKROOT = iphoneos;
				SWIFT_ACTIVE_COMPILATION_CONDITIONS = DEBUG;
				SWIFT_OPTIMIZATION_LEVEL = "-Onone";
			};
			name = Debug;
		};
		311BFC0027641DA800BA9CDF /* Release */ = {
			isa = XCBuildConfiguration;
			buildSettings = {
				ALWAYS_SEARCH_USER_PATHS = NO;
				CLANG_ANALYZER_NONNULL = YES;
				CLANG_ANALYZER_NUMBER_OBJECT_CONVERSION = YES_AGGRESSIVE;
				CLANG_CXX_LANGUAGE_STANDARD = "gnu++17";
				CLANG_CXX_LIBRARY = "libc++";
				CLANG_ENABLE_MODULES = YES;
				CLANG_ENABLE_OBJC_ARC = YES;
				CLANG_ENABLE_OBJC_WEAK = YES;
				CLANG_WARN_BLOCK_CAPTURE_AUTORELEASING = YES;
				CLANG_WARN_BOOL_CONVERSION = YES;
				CLANG_WARN_COMMA = YES;
				CLANG_WARN_CONSTANT_CONVERSION = YES;
				CLANG_WARN_DEPRECATED_OBJC_IMPLEMENTATIONS = YES;
				CLANG_WARN_DIRECT_OBJC_ISA_USAGE = YES_ERROR;
				CLANG_WARN_DOCUMENTATION_COMMENTS = YES;
				CLANG_WARN_EMPTY_BODY = YES;
				CLANG_WARN_ENUM_CONVERSION = YES;
				CLANG_WARN_INFINITE_RECURSION = YES;
				CLANG_WARN_INT_CONVERSION = YES;
				CLANG_WARN_NON_LITERAL_NULL_CONVERSION = YES;
				CLANG_WARN_OBJC_IMPLICIT_RETAIN_SELF = YES;
				CLANG_WARN_OBJC_LITERAL_CONVERSION = YES;
				CLANG_WARN_OBJC_ROOT_CLASS = YES_ERROR;
				CLANG_WARN_QUOTED_INCLUDE_IN_FRAMEWORK_HEADER = YES;
				CLANG_WARN_RANGE_LOOP_ANALYSIS = YES;
				CLANG_WARN_STRICT_PROTOTYPES = YES;
				CLANG_WARN_SUSPICIOUS_MOVE = YES;
				CLANG_WARN_UNGUARDED_AVAILABILITY = YES_AGGRESSIVE;
				CLANG_WARN_UNREACHABLE_CODE = YES;
				CLANG_WARN__DUPLICATE_METHOD_MATCH = YES;
				COPY_PHASE_STRIP = NO;
				DEBUG_INFORMATION_FORMAT = "dwarf-with-dsym";
				ENABLE_NS_ASSERTIONS = NO;
				ENABLE_STRICT_OBJC_MSGSEND = YES;
				GCC_C_LANGUAGE_STANDARD = gnu11;
				GCC_NO_COMMON_BLOCKS = YES;
				GCC_WARN_64_TO_32_BIT_CONVERSION = YES;
				GCC_WARN_ABOUT_RETURN_TYPE = YES_ERROR;
				GCC_WARN_UNDECLARED_SELECTOR = YES;
				GCC_WARN_UNINITIALIZED_AUTOS = YES_AGGRESSIVE;
				GCC_WARN_UNUSED_FUNCTION = YES;
				GCC_WARN_UNUSED_VARIABLE = YES;
				IPHONEOS_DEPLOYMENT_TARGET = 15.0;
				MTL_ENABLE_DEBUG_INFO = NO;
				MTL_FAST_MATH = YES;
				SDKROOT = iphoneos;
				SWIFT_COMPILATION_MODE = wholemodule;
				SWIFT_OPTIMIZATION_LEVEL = "-O";
				VALIDATE_PRODUCT = YES;
			};
			name = Release;
		};
		311BFC0227641DA800BA9CDF /* Debug */ = {
			isa = XCBuildConfiguration;
			baseConfigurationReference = 9B77314D1D02F12F9EB7E90C /* Pods-TakeItPersonal.debug.xcconfig */;
			buildSettings = {
				ASSETCATALOG_COMPILER_APPICON_NAME = AppIcon;
				ASSETCATALOG_COMPILER_GLOBAL_ACCENT_COLOR_NAME = AccentColor;
				CODE_SIGN_STYLE = Automatic;
				CURRENT_PROJECT_VERSION = 1;
				DEVELOPMENT_TEAM = 7HSG94ANS5;
				GENERATE_INFOPLIST_FILE = YES;
				INFOPLIST_FILE = TakeItPersonal/Info.plist;
				INFOPLIST_KEY_UIApplicationSupportsIndirectInputEvents = YES;
				INFOPLIST_KEY_UILaunchStoryboardName = LaunchScreen;
				INFOPLIST_KEY_UIMainStoryboardFile = Main;
				INFOPLIST_KEY_UISupportedInterfaceOrientations_iPad = "UIInterfaceOrientationPortrait UIInterfaceOrientationPortraitUpsideDown UIInterfaceOrientationLandscapeLeft UIInterfaceOrientationLandscapeRight";
				INFOPLIST_KEY_UISupportedInterfaceOrientations_iPhone = "UIInterfaceOrientationPortrait UIInterfaceOrientationLandscapeLeft UIInterfaceOrientationLandscapeRight";
				LD_RUNPATH_SEARCH_PATHS = (
					"$(inherited)",
					"@executable_path/Frameworks",
				);
				MARKETING_VERSION = 1.0;
				PRODUCT_BUNDLE_IDENTIFIER = com.URChurch.TakeItPersonal;
				PRODUCT_NAME = "$(TARGET_NAME)";
				SWIFT_EMIT_LOC_STRINGS = YES;
				SWIFT_VERSION = 5.0;
				TARGETED_DEVICE_FAMILY = "1,2";
			};
			name = Debug;
		};
		311BFC0327641DA800BA9CDF /* Release */ = {
			isa = XCBuildConfiguration;
			baseConfigurationReference = 450D32C499448B77A689BCEA /* Pods-TakeItPersonal.release.xcconfig */;
			buildSettings = {
				ASSETCATALOG_COMPILER_APPICON_NAME = AppIcon;
				ASSETCATALOG_COMPILER_GLOBAL_ACCENT_COLOR_NAME = AccentColor;
				CODE_SIGN_STYLE = Automatic;
				CURRENT_PROJECT_VERSION = 1;
				DEVELOPMENT_TEAM = 7HSG94ANS5;
				GENERATE_INFOPLIST_FILE = YES;
				INFOPLIST_FILE = TakeItPersonal/Info.plist;
				INFOPLIST_KEY_UIApplicationSupportsIndirectInputEvents = YES;
				INFOPLIST_KEY_UILaunchStoryboardName = LaunchScreen;
				INFOPLIST_KEY_UIMainStoryboardFile = Main;
				INFOPLIST_KEY_UISupportedInterfaceOrientations_iPad = "UIInterfaceOrientationPortrait UIInterfaceOrientationPortraitUpsideDown UIInterfaceOrientationLandscapeLeft UIInterfaceOrientationLandscapeRight";
				INFOPLIST_KEY_UISupportedInterfaceOrientations_iPhone = "UIInterfaceOrientationPortrait UIInterfaceOrientationLandscapeLeft UIInterfaceOrientationLandscapeRight";
				LD_RUNPATH_SEARCH_PATHS = (
					"$(inherited)",
					"@executable_path/Frameworks",
				);
				MARKETING_VERSION = 1.0;
				PRODUCT_BUNDLE_IDENTIFIER = com.URChurch.TakeItPersonal;
				PRODUCT_NAME = "$(TARGET_NAME)";
				SWIFT_EMIT_LOC_STRINGS = YES;
				SWIFT_VERSION = 5.0;
				TARGETED_DEVICE_FAMILY = "1,2";
			};
			name = Release;
		};
/* End XCBuildConfiguration section */

/* Begin XCConfigurationList section */
		311BFBE827641DA700BA9CDF /* Build configuration list for PBXProject "TakeItPersonal" */ = {
			isa = XCConfigurationList;
			buildConfigurations = (
				311BFBFF27641DA800BA9CDF /* Debug */,
				311BFC0027641DA800BA9CDF /* Release */,
			);
			defaultConfigurationIsVisible = 0;
			defaultConfigurationName = Release;
		};
		311BFC0127641DA800BA9CDF /* Build configuration list for PBXNativeTarget "TakeItPersonal" */ = {
			isa = XCConfigurationList;
			buildConfigurations = (
				311BFC0227641DA800BA9CDF /* Debug */,
				311BFC0327641DA800BA9CDF /* Release */,
			);
			defaultConfigurationIsVisible = 0;
			defaultConfigurationName = Release;
		};
/* End XCConfigurationList section */
	};
	rootObject = 311BFBE527641DA700BA9CDF /* Project object */;
}
